<?xml version="1.0" encoding="UTF-8"?>
<CONFIG>
  <ProjectOptions>
    <Version Value="11"/>
    <General>
      <SessionStorage Value="InProjectDir"/>
      <MainUnit Value="0"/>
      <Title Value="LazView"/>
      <Scaled Value="True"/>
      <ResourceType Value="res"/>
      <UseXPManifest Value="True"/>
      <Icon Value="0"/>
      <Resources Count="2">
        <Resource_0 FileName="..\pixmaps\curright.cur" Type="CURSOR" ResourceName="CURRIGHT"/>
        <Resource_1 FileName="..\pixmaps\curleft.cur" Type="CURSOR" ResourceName="CURLEFT"/>
      </Resources>
    </General>
    <i18n>
      <EnableI18N Value="True"/>
      <OutDir Value="../languages"/>
    </i18n>
    <VersionInfo>
      <UseVersionInfo Value="True"/>
      <AutoIncrementBuild Value="True"/>
      <MinorVersionNr Value="4"/>
      <RevisionNr Value="1"/>
      <BuildNr Value="4596"/>
      <StringTable Comments="Pequeño visor de imagenes" CompanyName="Independiente" FileDescription="Visor de imágenes LazView" InternalName="lazview" LegalCopyright="R.Mir" LegalTrademarks="Reinier Romero Mir (c)" OriginalFilename="lazview" ProductName="LazView" ProductVersion="0.3"/>
    </VersionInfo>
    <BuildModes Count="2">
      <Item1 Name="Debug" Default="True"/>
      <Item2 Name="Release">
        <CompilerOptions>
          <Version Value="11"/>
          <Target>
            <Filename Value="../lazview"/>
          </Target>
          <SearchPaths>
            <IncludeFiles Value="$(ProjOutDir);../components/vampireimaging/Source;../components/Abbrevia/packages/Lazarus"/>
            <OtherUnitFiles Value="../components/bgrabitmap;../components/vampireimaging/Extras/Extensions;../components/vampireimaging/Extras/Extensions/LibTiff;../components/Abbrevia/source"/>
            <UnitOutputDirectory Value="../units/$(TargetCPU)-$(TargetOS)-$(LCLWidgetType)"/>
          </SearchPaths>
          <CodeGeneration>
            <SmartLinkUnit Value="True"/>
            <TargetCPU Value="x86_64"/>
            <Optimizations>
              <OptimizationLevel Value="3"/>
            </Optimizations>
          </CodeGeneration>
          <Linking>
            <Debugging>
              <GenerateDebugInfo Value="False"/>
            </Debugging>
            <LinkSmart Value="True"/>
            <Options>
              <Win32>
                <GraphicApplication Value="True"/>
              </Win32>
            </Options>
          </Linking>
          <Other>
            <Verbosity>
              <ShowDebugInfo Value="True"/>
            </Verbosity>
          </Other>
        </CompilerOptions>
      </Item2>
    </BuildModes>
    <PublishOptions>
      <Version Value="2"/>
    </PublishOptions>
    <RunParams>
      <local>
        <CommandLineParams Value="d:/Films/HD/The.Conjuring.2013.bluray-latino-e-ingles.mp4"/>
      </local>
      <FormatVersion Value="2"/>
      <Modes Count="1">
        <Mode0 Name="default">
          <local>
            <CommandLineParams Value="d:/Films/HD/The.Conjuring.2013.bluray-latino-e-ingles.mp4"/>
          </local>
        </Mode0>
      </Modes>
    </RunParams>
    <RequiredPackages Count="6">
      <Item1>
        <PackageName Value="PasLibVlcPlayer"/>
      </Item1>
      <Item2>
        <PackageName Value="Abbrevia"/>
      </Item2>
      <Item3>
        <PackageName Value="VampyreImagingPackage"/>
      </Item3>
      <Item4>
        <PackageName Value="dexif_package"/>
      </Item4>
      <Item5>
        <PackageName Value="Printer4Lazarus"/>
      </Item5>
      <Item6>
        <PackageName Value="LCL"/>
      </Item6>
    </RequiredPackages>
    <Units Count="13">
      <Unit0>
        <Filename Value="lazview.lpr"/>
        <IsPartOfProject Value="True"/>
        <UnitName Value="LazView"/>
      </Unit0>
      <Unit1>
        <Filename Value="fresize.pas"/>
        <IsPartOfProject Value="True"/>
        <ComponentName Value="frresize"/>
        <HasResources Value="True"/>
        <ResourceBaseClass Value="Form"/>
      </Unit1>
      <Unit2>
        <Filename Value="unit3.pas"/>
        <IsPartOfProject Value="True"/>
        <ComponentName Value="fquality"/>
        <HasResources Value="True"/>
        <ResourceBaseClass Value="Form"/>
        <UnitName Value="Unit3"/>
      </Unit2>
      <Unit3>
        <Filename Value="feffects.pas"/>
        <IsPartOfProject Value="True"/>
        <ComponentName Value="freffect"/>
        <HasResources Value="True"/>
        <ResourceBaseClass Value="Form"/>
      </Unit3>
      <Unit4>
        <Filename Value="fgoto.pas"/>
        <IsPartOfProject Value="True"/>
        <ComponentName Value="frgoto"/>
        <HasResources Value="True"/>
        <ResourceBaseClass Value="Form"/>
      </Unit4>
      <Unit5>
        <Filename Value="imgsize.pas"/>
        <IsPartOfProject Value="True"/>
        <UnitName Value="ImgSize"/>
      </Unit5>
      <Unit6>
        <Filename Value="fthumbsize.pas"/>
        <IsPartOfProject Value="True"/>
        <ComponentName Value="frthumbsize"/>
        <HasResources Value="True"/>
        <ResourceBaseClass Value="Form"/>
      </Unit6>
      <Unit7>
        <Filename Value="fmain.pas"/>
        <IsPartOfProject Value="True"/>
        <ComponentName Value="frmain"/>
        <HasResources Value="True"/>
        <ResourceBaseClass Value="Form"/>
      </Unit7>
      <Unit8>
        <Filename Value="../components/bgrabitmap/bgrabitmaptypes.pas"/>
        <IsPartOfProject Value="True"/>
        <UnitName Value="BGRABitmapTypes"/>
      </Unit8>
      <Unit9>
        <Filename Value="print.pas"/>
        <IsPartOfProject Value="True"/>
        <ComponentName Value="frprint"/>
        <HasResources Value="True"/>
        <ResourceBaseClass Value="Form"/>
      </Unit9>
      <Unit10>
        <Filename Value="fexif.pas"/>
        <IsPartOfProject Value="True"/>
        <ComponentName Value="frexif"/>
        <HasResources Value="True"/>
        <ResourceBaseClass Value="Form"/>
      </Unit10>
      <Unit11>
        <Filename Value="../components/vampireimaging/Source/ImagingOptions.inc"/>
        <IsPartOfProject Value="True"/>
      </Unit11>
      <Unit12>
        <Filename Value="fpass.pas"/>
        <IsPartOfProject Value="True"/>
        <ComponentName Value="frpass"/>
        <HasResources Value="True"/>
        <ResourceBaseClass Value="Form"/>
      </Unit12>
    </Units>
  </ProjectOptions>
  <CompilerOptions>
    <Version Value="11"/>
    <Target>
      <Filename Value="../lazview"/>
    </Target>
    <SearchPaths>
      <IncludeFiles Value="$(ProjOutDir);../components/vampireimaging/Source"/>
      <OtherUnitFiles Value="../components/bgrabitmap"/>
      <UnitOutputDirectory Value="../units/$(TargetCPU)-$(TargetOS)-$(LCLWidgetType)"/>
      <SrcPath Value="../components/bgrabitmap"/>
    </SearchPaths>
    <Parsing>
      <SyntaxOptions>
        <IncludeAssertionCode Value="True"/>
      </SyntaxOptions>
    </Parsing>
    <CodeGeneration>
      <Checks>
        <IOChecks Value="True"/>
        <RangeChecks Value="True"/>
        <OverflowChecks Value="True"/>
        <StackChecks Value="True"/>
      </Checks>
      <Optimizations>
        <OptimizationLevel Value="0"/>
      </Optimizations>
    </CodeGeneration>
    <Linking>
      <Debugging>
        <DebugInfoType Value="dsDwarf3"/>
        <UseHeaptrc Value="True"/>
        <UseValgrind Value="True"/>
        <UseExternalDbgSyms Value="True"/>
      </Debugging>
      <Options>
        <Win32>
          <GraphicApplication Value="True"/>
        </Win32>
      </Options>
    </Linking>
  </CompilerOptions>
</CONFIG>
